---
http_interactions:
- request:
    method: post
    uri: https://api.openai.com/v1/responses
    body:
      encoding: UTF-8
      string: '{"input":[{"role":"user","content":[{"type":"input_text","text":"You
        are a bot that can run UNIX commands"}]},{"role":"user","content":[{"type":"input_text","text":"What
        is the date?"}]}],"model":"gpt-5.4-mini","store":false,"tools":[{"type":"function","name":"system","description":"Runs
        system commands","parameters":{"type":"object","properties":{"command":{"type":"string"}},"required":["command"],"additionalProperties":false},"strict":false}]}'
    headers:
      User-Agent:
      - llm.rb v11.3.1
      Content-Type:
      - application/json
      Authorization:
      - Bearer TOKEN
      Transfer-Encoding:
      - chunked
      Accept-Encoding:
      - gzip;q=1.0,deflate;q=0.6,identity;q=0.3
      Accept:
      - "*/*"
  response:
    status:
      code: 200
      message: OK
    headers:
      Date:
      - Fri, 26 Jun 2026 02:45:27 GMT
      Content-Type:
      - application/json
      Transfer-Encoding:
      - chunked
      Connection:
      - keep-alive
      Cf-Ray:
      - a118e03b7e95768e-GRU
      Cf-Cache-Status:
      - DYNAMIC
      Server:
      - cloudflare
      Strict-Transport-Security:
      - max-age=31536000; includeSubDomains; preload
      X-Content-Type-Options:
      - nosniff
      Access-Control-Expose-Headers:
      - CF-Ray
      - CF-Ray
      - X-Request-ID
      Openai-Organization:
      - user-j1pztzt5nogpcsid23u7gskj
      Openai-Processing-Ms:
      - '703'
      Openai-Project:
      - proj_YSiqu4bByPgi6EwPnLiY8irR
      Openai-Version:
      - '2020-10-01'
      X-Ratelimit-Limit-Requests:
      - '5000'
      X-Ratelimit-Limit-Tokens:
      - '4000000'
      X-Ratelimit-Remaining-Requests:
      - '4999'
      X-Ratelimit-Remaining-Tokens:
      - '4000000'
      X-Ratelimit-Reset-Requests:
      - 12ms
      X-Ratelimit-Reset-Tokens:
      - 0s
      X-Request-Id:
      - req_3c80d96a65d94a6b932c857fcab9c7f5
      Set-Cookie:
      - __cf_bm=rVWJrwH3et0gHDdMRpSHxDhGghm6dpqCmvsIKyqGN1A-1782441926.958984-1.0.1.1-62WZ5ZIluS4FVkTC4z26nqHcfbS59N9YynLm1cKYY_iUXqOpHJzVCruD2tBmGIPFYb_qeFUpAgBy3Y8wzX3Ie.mLZGtWC.AETLoDnLn9RwNm8D3bD.4EiA91KXlGREVX;
        HttpOnly; SameSite=None; Secure; Path=/; Domain=api.openai.com; Expires=Fri,
        26 Jun 2026 03:15:27 GMT
      Alt-Svc:
      - h3=":443"; ma=86400
    body:
      encoding: ASCII-8BIT
      string: |-
        {
          "id": "resp_0a7b963cdff4f5b3016a3de7c710ec81a0b8e5c7b54810daf7",
          "object": "response",
          "created_at": 1782441927,
          "status": "completed",
          "background": false,
          "billing": {
            "payer": "developer"
          },
          "completed_at": 1782441927,
          "error": null,
          "frequency_penalty": 0.0,
          "incomplete_details": null,
          "instructions": null,
          "max_output_tokens": null,
          "max_tool_calls": null,
          "model": "gpt-5.4-mini-2026-03-17",
          "moderation": null,
          "output": [
            {
              "id": "fc_0a7b963cdff4f5b3016a3de7c78f7081a08c988e3e6c85ad58",
              "type": "function_call",
              "status": "completed",
              "arguments": "{\"command\":\"date\"}",
              "call_id": "call_6CIMLheYiktBHoAn2u0JAXs8",
              "name": "system"
            }
          ],
          "parallel_tool_calls": true,
          "presence_penalty": 0.0,
          "previous_response_id": null,
          "prompt_cache_key": null,
          "prompt_cache_retention": "24h",
          "reasoning": {
            "context": "current_turn",
            "effort": "none",
            "summary": null
          },
          "safety_identifier": null,
          "service_tier": "default",
          "store": false,
          "temperature": 1.0,
          "text": {
            "format": {
              "type": "text"
            },
            "verbosity": "medium"
          },
          "tool_choice": "auto",
          "tool_usage": {
            "image_gen": {
              "input_tokens": 0,
              "input_tokens_details": {
                "image_tokens": 0,
                "text_tokens": 0
              },
              "output_tokens": 0,
              "output_tokens_details": {
                "image_tokens": 0,
                "text_tokens": 0
              },
              "total_tokens": 0
            },
            "web_search": {
              "num_requests": 0
            }
          },
          "tools": [
            {
              "type": "function",
              "description": "Runs system commands",
              "name": "system",
              "parameters": {
                "type": "object",
                "properties": {
                  "command": {
                    "type": "string"
                  }
                },
                "required": [
                  "command"
                ],
                "additionalProperties": false
              },
              "strict": false
            }
          ],
          "top_logprobs": 0,
          "top_p": 0.98,
          "truncation": "disabled",
          "usage": {
            "input_tokens": 57,
            "input_tokens_details": {
              "cached_tokens": 0
            },
            "output_tokens": 17,
            "output_tokens_details": {
              "reasoning_tokens": 0
            },
            "total_tokens": 74
          },
          "user": null,
          "metadata": {}
        }
  recorded_at: Fri, 26 Jun 2026 02:45:20 GMT
- request:
    method: post
    uri: https://api.openai.com/v1/responses
    body:
      encoding: UTF-8
      string: '{"input":[{"role":"user","content":[{"type":"input_text","text":"You
        are a bot that can run UNIX commands"}]},{"role":"user","content":[{"type":"input_text","text":"What
        is the date?"}]},{"id":"fc_0a7b963cdff4f5b3016a3de7c78f7081a08c988e3e6c85ad58","type":"function_call","status":"completed","arguments":"{\"command\":\"date\"}","call_id":"call_6CIMLheYiktBHoAn2u0JAXs8","name":"system"},{"type":"function_call_output","call_id":"call_6CIMLheYiktBHoAn2u0JAXs8","output":"{\"cancelled\":true,\"reason\":\"function
        call cancelled\"}"},{"type":"function_call_output","call_id":"call_6CIMLheYiktBHoAn2u0JAXs8","output":"{\"success\":\"2025-08-24\"}"}],"model":"gpt-5.4-mini","store":false,"tools":[{"type":"function","name":"system","description":"Runs
        system commands","parameters":{"type":"object","properties":{"command":{"type":"string"}},"required":["command"],"additionalProperties":false},"strict":false}]}'
    headers:
      User-Agent:
      - llm.rb v11.3.1
      Content-Type:
      - application/json
      Authorization:
      - Bearer TOKEN
      Transfer-Encoding:
      - chunked
      Accept-Encoding:
      - gzip;q=1.0,deflate;q=0.6,identity;q=0.3
      Accept:
      - "*/*"
  response:
    status:
      code: 200
      message: OK
    headers:
      Date:
      - Fri, 26 Jun 2026 02:45:28 GMT
      Content-Type:
      - application/json
      Transfer-Encoding:
      - chunked
      Connection:
      - keep-alive
      Cf-Ray:
      - a118e0411c7bf1f6-GRU
      Cf-Cache-Status:
      - DYNAMIC
      Server:
      - cloudflare
      Strict-Transport-Security:
      - max-age=31536000; includeSubDomains; preload
      X-Content-Type-Options:
      - nosniff
      Access-Control-Expose-Headers:
      - CF-Ray
      - CF-Ray
      - X-Request-ID
      Openai-Organization:
      - user-j1pztzt5nogpcsid23u7gskj
      Openai-Processing-Ms:
      - '806'
      Openai-Project:
      - proj_YSiqu4bByPgi6EwPnLiY8irR
      Openai-Version:
      - '2020-10-01'
      X-Ratelimit-Limit-Requests:
      - '5000'
      X-Ratelimit-Limit-Tokens:
      - '4000000'
      X-Ratelimit-Remaining-Requests:
      - '4999'
      X-Ratelimit-Remaining-Tokens:
      - '4000000'
      X-Ratelimit-Reset-Requests:
      - 12ms
      X-Ratelimit-Reset-Tokens:
      - 0s
      X-Request-Id:
      - req_d64ddd113ac34d71964b834eefed4e80
      Set-Cookie:
      - __cf_bm=7i4Scuiq7RZPTE4k1f6C2DXmBN.Ax0DXXpKLpUbh8WI-1782441927.8573754-1.0.1.1-Z7OzxUyVgDxifDTbAtU0ZQbZlum2NR10r3tVmxLYPuZDdcJTwO_CP1DFvPQcYU4g30meki1sepW_tKnZmpq6hmS6W5HFls.C6y2gx1c.m4lNHXPHFV.HjVZZNtqSL.ky;
        HttpOnly; SameSite=None; Secure; Path=/; Domain=api.openai.com; Expires=Fri,
        26 Jun 2026 03:15:28 GMT
      Alt-Svc:
      - h3=":443"; ma=86400
    body:
      encoding: ASCII-8BIT
      string: |-
        {
          "id": "resp_0a7b963cdff4f5b3016a3de7c7f54c81a0aa4a4c07c7d6e152",
          "object": "response",
          "created_at": 1782441927,
          "status": "completed",
          "background": false,
          "billing": {
            "payer": "developer"
          },
          "completed_at": 1782441928,
          "error": null,
          "frequency_penalty": 0.0,
          "incomplete_details": null,
          "instructions": null,
          "max_output_tokens": null,
          "max_tool_calls": null,
          "model": "gpt-5.4-mini-2026-03-17",
          "moderation": null,
          "output": [
            {
              "id": "msg_0a7b963cdff4f5b3016a3de7c8803c81a0a8d24f4b41002677",
              "type": "message",
              "status": "completed",
              "content": [
                {
                  "type": "output_text",
                  "annotations": [],
                  "logprobs": [],
                  "text": "2025-08-24"
                }
              ],
              "phase": "final_answer",
              "role": "assistant"
            }
          ],
          "parallel_tool_calls": true,
          "presence_penalty": 0.0,
          "previous_response_id": null,
          "prompt_cache_key": null,
          "prompt_cache_retention": "24h",
          "reasoning": {
            "context": "current_turn",
            "effort": "none",
            "summary": null
          },
          "safety_identifier": null,
          "service_tier": "default",
          "store": false,
          "temperature": 1.0,
          "text": {
            "format": {
              "type": "text"
            },
            "verbosity": "medium"
          },
          "tool_choice": "auto",
          "tool_usage": {
            "image_gen": {
              "input_tokens": 0,
              "input_tokens_details": {
                "image_tokens": 0,
                "text_tokens": 0
              },
              "output_tokens": 0,
              "output_tokens_details": {
                "image_tokens": 0,
                "text_tokens": 0
              },
              "total_tokens": 0
            },
            "web_search": {
              "num_requests": 0
            }
          },
          "tools": [
            {
              "type": "function",
              "description": "Runs system commands",
              "name": "system",
              "parameters": {
                "type": "object",
                "properties": {
                  "command": {
                    "type": "string"
                  }
                },
                "required": [
                  "command"
                ],
                "additionalProperties": false
              },
              "strict": false
            }
          ],
          "top_logprobs": 0,
          "top_p": 0.98,
          "truncation": "disabled",
          "usage": {
            "input_tokens": 114,
            "input_tokens_details": {
              "cached_tokens": 0
            },
            "output_tokens": 10,
            "output_tokens_details": {
              "reasoning_tokens": 0
            },
            "total_tokens": 124
          },
          "user": null,
          "metadata": {}
        }
  recorded_at: Fri, 26 Jun 2026 02:45:21 GMT
recorded_with: VCR 6.4.0
